<?xml version="1.0" encoding="utf-8"?>
<Project ToolsVersion="4.0" xmlns="http://schemas.microsoft.com/developer/msbuild/2003">
  <ItemGroup>
    <Filter Include="RefraEngine">
      <UniqueIdentifier>{8BB3F2AD-F768-6BA3-805D-657AEC1162A7}</UniqueIdentifier>
    </Filter>
    <Filter Include="RefraEngine\Events">
      <UniqueIdentifier>{0F95BF64-FB78-80BA-64D9-7A0D50DC6A3C}</UniqueIdentifier>
    </Filter>
  </ItemGroup>
  <ItemGroup>
    <ClInclude Include="src\RefraEngine.h" />
    <ClInclude Include="src\RefraEngine\Application.h">
      <Filter>RefraEngine</Filter>
    </ClInclude>
    <ClInclude Include="src\RefraEngine\Core.h">
      <Filter>RefraEngine</Filter>
    </ClInclude>
    <ClInclude Include="src\RefraEngine\EntryPoint.h">
      <Filter>RefraEngine</Filter>
    </ClInclude>
    <ClInclude Include="src\RefraEngine\Events\ApplicationEvent.h">
      <Filter>RefraEngine\Events</Filter>
    </ClInclude>
    <ClInclude Include="src\RefraEngine\Events\Event.h">
      <Filter>RefraEngine\Events</Filter>
    </ClInclude>
    <ClInclude Include="src\RefraEngine\Events\KeyEvent.h">
      <Filter>RefraEngine\Events</Filter>
    </ClInclude>
    <ClInclude Include="src\RefraEngine\Events\MouseEvent.h">
      <Filter>RefraEngine\Events</Filter>
    </ClInclude>
    <ClInclude Include="src\RefraEngine\Log.h">
      <Filter>RefraEngine</Filter>
    </ClInclude>
  </ItemGroup>
  <ItemGroup>
    <ClCompile Include="src\RefraEngine\Application.cpp">
      <Filter>RefraEngine</Filter>
    </ClCompile>
    <ClCompile Include="src\RefraEngine\Log.cpp">
      <Filter>RefraEngine</Filter>
    </ClCompile>
  </ItemGroup>
</Project>